
Microsoft Visual Studio Solution File, Format Version 12.00
# Visual Studio Version 16
VisualStudioVersion = 16.0.30320.27
MinimumVisualStudioVersion = 10.0.40219.1
Project("{FAE04EC0-301F-11D3-BF4B-00C04F79EFBC}") = "aweAPI", "aweAPI.csproj", "{74949D25-9C68-4840-9A3F-1A266B6624F7}"
EndProject
Global
	GlobalSection(SolutionConfigurationPlatforms) = preSolution
		Debug|Any CPU = Debug|Any CPU
		Release|Any CPU = Release|Any CPU
	EndGlobalSection
	GlobalSection(ProjectConfigurationPlatforms) = postSolution
		{74949D25-9C68-4840-9A3F-1A266B6624F7}.Debug|Any CPU.ActiveCfg = Debug|Any CPU
		{74949D25-9C68-4840-9A3F-1A266B6624F7}.Debug|Any CPU.Build.0 = Debug|Any CPU
		{74949D25-9C68-4840-9A3F-1A266B6624F7}.Release|Any CPU.ActiveCfg = Release|Any CPU
		{74949D25-9C68-4840-9A3F-1A266B6624F7}.Release|Any CPU.Build.0 = Release|Any CPU
	EndGlobalSection
	GlobalSection(SolutionProperties) = preSolution
		HideSolutionNode = FALSE
	EndGlobalSection
	GlobalSection(ExtensibilityGlobals) = postSolution
		SolutionGuid = {1F171CB5-0A11-4EEB-B3D3-DF1F4446E841}
	EndGlobalSection
EndGlobal
